{
  "name": "image-text-recognizer",
  "version": "1.0.0",
  "lockfileVersion": 1,
  "requires": true,
  "dependencies": {
    "array-parallel": {
      "version": "https://registry.npmjs.org/array-parallel/-/array-parallel-0.1.3.tgz",
      "integrity": "sha1-j3hTCJJu1apHjEfmTRszS2wMlH0="
    },
    "array-series": {
      "version": "https://registry.npmjs.org/array-series/-/array-series-0.1.5.tgz",
      "integrity": "sha1-3103v8XC7wdV4qpPkv6ufUtaly8="
    },
    "cross-spawn": {
      "version": "https://registry.npmjs.org/cross-spawn/-/cross-spawn-4.0.2.tgz",
      "integrity": "sha1-e5JHYhwjrf3ThWAEqCPL45dCTUE=",
      "requires": {
        "lru-cache": "https://registry.npmjs.org/lru-cache/-/lru-cache-4.1.5.tgz",
        "which": "https://registry.npmjs.org/which/-/which-1.3.1.tgz"
      }
    },
    "debug": {
      "version": "https://registry.npmjs.org/debug/-/debug-3.2.6.tgz",
      "integrity": "sha1-6D0X3hbYp++3cX7b5fsQE17uYps=",
      "requires": {
        "ms": "https://registry.npmjs.org/ms/-/ms-2.1.1.tgz"
      }
    },
    "gm": {
      "version": "https://registry.npmjs.org/gm/-/gm-1.23.1.tgz",
      "integrity": "sha1-Lt7rlYCE0PjqeYjl2ZWxx9/BR3c=",
      "requires": {
        "array-parallel": "https://registry.npmjs.org/array-parallel/-/array-parallel-0.1.3.tgz",
        "array-series": "https://registry.npmjs.org/array-series/-/array-series-0.1.5.tgz",
        "cross-spawn": "https://registry.npmjs.org/cross-spawn/-/cross-spawn-4.0.2.tgz",
        "debug": "https://registry.npmjs.org/debug/-/debug-3.2.6.tgz"
      }
    },
    "isexe": {
      "version": "https://registry.npmjs.org/isexe/-/isexe-2.0.0.tgz",
      "integrity": "sha1-6PvzdNxVb/iUehDcsFctYz8s+hA="
    },
    "kleur": {
      "version": "https://registry.npmjs.org/kleur/-/kleur-3.0.2.tgz",
      "integrity": "sha1-g8fshYpBCYthPVmYp7ZTlitQT2g="
    },
    "lru-cache": {
      "version": "https://registry.npmjs.org/lru-cache/-/lru-cache-4.1.5.tgz",
      "integrity": "sha1-i75Q6oW+1ZvJ4z3KuCNe6bz0Q80=",
      "requires": {
        "pseudomap": "https://registry.npmjs.org/pseudomap/-/pseudomap-1.0.2.tgz",
        "yallist": "https://registry.npmjs.org/yallist/-/yallist-2.1.2.tgz"
      }
    },
    "ms": {
      "version": "https://registry.npmjs.org/ms/-/ms-2.1.1.tgz",
      "integrity": "sha1-MKWGTrPrsKZvLr5tcnrwagnYbgo="
    },
    "prompts": {
      "version": "https://registry.npmjs.org/prompts/-/prompts-2.0.2.tgz",
      "integrity": "sha1-CUEZsLClU+xlKQi1gyBbmGdjAVQ=",
      "requires": {
        "kleur": "https://registry.npmjs.org/kleur/-/kleur-3.0.2.tgz",
        "sisteransi": "https://registry.npmjs.org/sisteransi/-/sisteransi-1.0.0.tgz"
      }
    },
    "pseudomap": {
      "version": "https://registry.npmjs.org/pseudomap/-/pseudomap-1.0.2.tgz",
      "integrity": "sha1-8FKijacOYYkX7wqKw0wa5aaChrM="
    },
    "rambda": {
      "version": "2.3.1",
      "resolved": "https://registry.npmjs.org/rambda/-/rambda-2.3.1.tgz",
      "integrity": "sha512-HSFkU+DEB4Y3iCzfeyGKQAYA+kscuCkasAq0JbdZPYvYNMia6kYBIGGBLkZGqtl9r9yhdqOwZFDZhgn0TAPvkQ=="
    },
    "sisteransi": {
      "version": "https://registry.npmjs.org/sisteransi/-/sisteransi-1.0.0.tgz",
      "integrity": "sha1-d9liL/kJCA8cGeX0od8MGwonuIw="
    },
    "which": {
      "version": "https://registry.npmjs.org/which/-/which-1.3.1.tgz",
      "integrity": "sha1-pFBD1U9YBTFtqNYvn1CRjT2nCwo=",
      "requires": {
        "isexe": "https://registry.npmjs.org/isexe/-/isexe-2.0.0.tgz"
      }
    },
    "yallist": {
      "version": "https://registry.npmjs.org/yallist/-/yallist-2.1.2.tgz",
      "integrity": "sha1-HBH5IY8HYImkfdUS+TxmmaaoHVI="
    }
  }
}
